
Microsoft Visual Studio Solution File, Format Version 12.00
# Visual Studio Version 16
VisualStudioVersion = 16.0.29123.89
MinimumVisualStudioVersion = 10.0.40219.1
Project("{9A19103F-16F7-4668-BE54-9A1E7A4F7556}") = "MyLeasing.common", "MyLeasing.common\MyLeasing.common.csproj", "{006A4722-F2AF-4456-9729-EE0857E6FD4B}"
EndProject
Project("{FAE04EC0-301F-11D3-BF4B-00C04F79EFBC}") = "MyLeasing.Web", "MyLeasing.Web\MyLeasing.Web.csproj", "{EEEB7BED-BE09-463E-AC91-DE32A3663440}"
EndProject
Global
	GlobalSection(SolutionConfigurationPlatforms) = preSolution
		Debug|Any CPU = Debug|Any CPU
		Release|Any CPU = Release|Any CPU
	EndGlobalSection
	GlobalSection(ProjectConfigurationPlatforms) = postSolution
		{006A4722-F2AF-4456-9729-EE0857E6FD4B}.Debug|Any CPU.ActiveCfg = Debug|Any CPU
		{006A4722-F2AF-4456-9729-EE0857E6FD4B}.Debug|Any CPU.Build.0 = Debug|Any CPU
		{006A4722-F2AF-4456-9729-EE0857E6FD4B}.Release|Any CPU.ActiveCfg = Release|Any CPU
		{006A4722-F2AF-4456-9729-EE0857E6FD4B}.Release|Any CPU.Build.0 = Release|Any CPU
		{EEEB7BED-BE09-463E-AC91-DE32A3663440}.Debug|Any CPU.ActiveCfg = Debug|Any CPU
		{EEEB7BED-BE09-463E-AC91-DE32A3663440}.Debug|Any CPU.Build.0 = Debug|Any CPU
		{EEEB7BED-BE09-463E-AC91-DE32A3663440}.Release|Any CPU.ActiveCfg = Release|Any CPU
		{EEEB7BED-BE09-463E-AC91-DE32A3663440}.Release|Any CPU.Build.0 = Release|Any CPU
	EndGlobalSection
	GlobalSection(SolutionProperties) = preSolution
		HideSolutionNode = FALSE
	EndGlobalSection
	GlobalSection(ExtensibilityGlobals) = postSolution
		SolutionGuid = {C907B597-6D74-4579-8AF5-D06772B59AFE}
	EndGlobalSection
EndGlobal
